github.com/evolbioinf/clio v0.0.0-20240827074707-cb9ff755a85b h1:26/B3KZkdt/NzB5wuv/tDb1KPSJ5A17zxQbcoURo5WM=
github.com/evolbioinf/clio v0.0.0-20240827074707-cb9ff755a85b/go.mod h1:S13GccNRJPbjEsLZ/yCLFRVhdTS4qUJ+mf9GtZja8do=
github.com/evolbioinf/esa v0.0.0-20230428092833-66d4eac05d77 h1:p0AV7ltMonvs7gANDdkzvxBpYEf181tKJixOYc0xxiM=
github.com/evolbioinf/esa v0.0.0-20230428092833-66d4eac05d77/go.mod h1:JHdYx+agish2s0bExLYu4sfnkIpQfzQkugwgq+yPXDY=
github.com/evolbioinf/fasta v0.0.0-20230419094527-219cc47d94b2 h1:Ipt7iPoRCqsIhtVNTq1bUwtFj2auwoX+xxmwBm+vEDA=
github.com/evolbioinf/fasta v0.0.0-20230419094527-219cc47d94b2/go.mod h1:1bD5OMlu85gdxSDr74kxUElPjLc/EVTzkRw2UT+FMhg=
github.com/evolbioinf/sus v0.0.0-20230123102713-cc3fd6887965 h1:5qTR2yzRTRYhmDcWBUWPkxj1AhUWoDLkgypOADbJ5OY=
github.com/evolbioinf/sus v0.0.0-20230123102713-cc3fd6887965/go.mod h1:SaiLF93OldWIG3wdOZ+aZSNoklGESyYLi5yGQRXONLs=
