github.com/evolbioinf/clio v0.0.0-20210309091639-82cb91a31b0c h1:TkHWkaNNpQC+/HCKjAi85vXC8HC7py2YPMSBUOkGmkU=
github.com/evolbioinf/clio v0.0.0-20210309091639-82cb91a31b0c/go.mod h1:Jh4QPiChVHZHe7fwj+xcSs6kUcQbQVzsd/ht3PIoaaU=
github.com/evolbioinf/dist v0.0.0-20230320162102-c887c99309e3 h1:dqcLD3gx7yhipybuAIRXomy2gjd/v2XBdaUjVNW2yHo=
github.com/evolbioinf/dist v0.0.0-20230320162102-c887c99309e3/go.mod h1:iovh5uCC25Dgmxdz6DRZXFGEJXUoSML8+/QixZsVar4=
github.com/evolbioinf/esa v0.0.0-20230428092833-66d4eac05d77 h1:p0AV7ltMonvs7gANDdkzvxBpYEf181tKJixOYc0xxiM=
github.com/evolbioinf/esa v0.0.0-20230428092833-66d4eac05d77/go.mod h1:JHdYx+agish2s0bExLYu4sfnkIpQfzQkugwgq+yPXDY=
github.com/evolbioinf/fasta v0.0.0-20230419094527-219cc47d94b2 h1:Ipt7iPoRCqsIhtVNTq1bUwtFj2auwoX+xxmwBm+vEDA=
github.com/evolbioinf/fasta v0.0.0-20230419094527-219cc47d94b2/go.mod h1:1bD5OMlu85gdxSDr74kxUElPjLc/EVTzkRw2UT+FMhg=
github.com/evolbioinf/sus v0.0.0-20230123102713-cc3fd6887965 h1:5qTR2yzRTRYhmDcWBUWPkxj1AhUWoDLkgypOADbJ5OY=
github.com/evolbioinf/sus v0.0.0-20230123102713-cc3fd6887965/go.mod h1:SaiLF93OldWIG3wdOZ+aZSNoklGESyYLi5yGQRXONLs=
